// !$*UTF8*$!
{
	archiveVersion = 1;
	classes = {
	};
	objectVersion = 50;
	objects = {

/* Begin PBXBuildFile section */
		376B70B0D2E631DDABF2AAFE /* Pods_RBVK.framework in Frameworks */ = {isa = PBXBuildFile; fileRef = E372ED504192035003AC9A06 /* Pods_RBVK.framework */; };
		8405FCD3229B259C00BE3753 /* AppDelegate.swift in Sources */ = {isa = PBXBuildFile; fileRef = 8405FCD2229B259C00BE3753 /* AppDelegate.swift */; };
		8405FCD5229B259C00BE3753 /* ViewController.swift in Sources */ = {isa = PBXBuildFile; fileRef = 8405FCD4229B259C00BE3753 /* ViewController.swift */; };
		8405FCDA229B259D00BE3753 /* Assets.xcassets in Resources */ = {isa = PBXBuildFile; fileRef = 8405FCD9229B259D00BE3753 /* Assets.xcassets */; };
		8405FCDD229B259D00BE3753 /* LaunchScreen.storyboard in Resources */ = {isa = PBXBuildFile; fileRef = 8405FCDB229B259D00BE3753 /* LaunchScreen.storyboard */; };
		8405FCE8229B259D00BE3753 /* RBVKTests.swift in Sources */ = {isa = PBXBuildFile; fileRef = 8405FCE7229B259D00BE3753 /* RBVKTests.swift */; };
		8405FCF3229B28A900BE3753 /* ViewController.xib in Resources */ = {isa = PBXBuildFile; fileRef = 8405FCF2229B28A900BE3753 /* ViewController.xib */; };
		8405FCFA229B2CDC00BE3753 /* Router.swift in Sources */ = {isa = PBXBuildFile; fileRef = 8405FCF9229B2CDC00BE3753 /* Router.swift */; };
		8405FCFC229BA89200BE3753 /* StartRouter.swift in Sources */ = {isa = PBXBuildFile; fileRef = 8405FCFB229BA89200BE3753 /* StartRouter.swift */; };
		8405FD00229BA98B00BE3753 /* RegisterViewController.swift in Sources */ = {isa = PBXBuildFile; fileRef = 8405FCFE229BA98B00BE3753 /* RegisterViewController.swift */; };
		8405FD01229BA98B00BE3753 /* RegisterViewController.xib in Resources */ = {isa = PBXBuildFile; fileRef = 8405FCFF229BA98B00BE3753 /* RegisterViewController.xib */; };
		8405FD05229BAB1700BE3753 /* PhotoView.swift in Sources */ = {isa = PBXBuildFile; fileRef = 8405FD04229BAB1700BE3753 /* PhotoView.swift */; };
		8405FD0A229BAB8D00BE3753 /* NibLoadable.swift in Sources */ = {isa = PBXBuildFile; fileRef = 8405FD09229BAB8D00BE3753 /* NibLoadable.swift */; };
		8405FD0D229BBF1E00BE3753 /* Extension+UIView.swift in Sources */ = {isa = PBXBuildFile; fileRef = 8405FD0C229BBF1E00BE3753 /* Extension+UIView.swift */; };
		8405FD0F229BC22E00BE3753 /* Extension+NSLayoutConstraint.swift in Sources */ = {isa = PBXBuildFile; fileRef = 8405FD0E229BC22E00BE3753 /* Extension+NSLayoutConstraint.swift */; };
		8405FD15229BCA3400BE3753 /* InfoUserTableViewCell.swift in Sources */ = {isa = PBXBuildFile; fileRef = 8405FD13229BCA3400BE3753 /* InfoUserTableViewCell.swift */; };
		8405FD16229BCA3400BE3753 /* InfoUserTableViewCell.xib in Resources */ = {isa = PBXBuildFile; fileRef = 8405FD14229BCA3400BE3753 /* InfoUserTableViewCell.xib */; };
		8405FD1B229BDD8300BE3753 /* HeightContainable.swift in Sources */ = {isa = PBXBuildFile; fileRef = 8405FD1A229BDD8300BE3753 /* HeightContainable.swift */; };
		8405FD1D229BDDDF00BE3753 /* Typealias.swift in Sources */ = {isa = PBXBuildFile; fileRef = 8405FD1C229BDDDF00BE3753 /* Typealias.swift */; };
		8405FD2F229C5C1600BE3753 /* HeaderTitleView.swift in Sources */ = {isa = PBXBuildFile; fileRef = 8405FD2E229C5C1600BE3753 /* HeaderTitleView.swift */; };
		8405FD31229C5C3100BE3753 /* HeaderTitleView.xib in Resources */ = {isa = PBXBuildFile; fileRef = 8405FD30229C5C3100BE3753 /* HeaderTitleView.xib */; };
		8405FD33229C6A6400BE3753 /* CellHeaderProtocol.swift in Sources */ = {isa = PBXBuildFile; fileRef = 8405FD32229C6A6400BE3753 /* CellHeaderProtocol.swift */; };
		8405FD35229C6ADB00BE3753 /* GoogleService-Info.plist in Resources */ = {isa = PBXBuildFile; fileRef = 8405FD34229C6ADA00BE3753 /* GoogleService-Info.plist */; };
		8405FD3A229C786100BE3753 /* SegmenterTableViewCell.swift in Sources */ = {isa = PBXBuildFile; fileRef = 8405FD38229C786100BE3753 /* SegmenterTableViewCell.swift */; };
		8405FD3B229C786100BE3753 /* SegmenterTableViewCell.xib in Resources */ = {isa = PBXBuildFile; fileRef = 8405FD39229C786100BE3753 /* SegmenterTableViewCell.xib */; };
		8405FD4422A0341C00BE3753 /* TextTableViewCell.swift in Sources */ = {isa = PBXBuildFile; fileRef = 8405FD4222A0341C00BE3753 /* TextTableViewCell.swift */; };
		8405FD4522A0341C00BE3753 /* TextTableViewCell.xib in Resources */ = {isa = PBXBuildFile; fileRef = 8405FD4322A0341C00BE3753 /* TextTableViewCell.xib */; };
		8405FD4E22A0407800BE3753 /* TextFieldTableViewCell.swift in Sources */ = {isa = PBXBuildFile; fileRef = 8405FD4C22A0407800BE3753 /* TextFieldTableViewCell.swift */; };
		8405FD4F22A0407800BE3753 /* TextFieldTableViewCell.xib in Resources */ = {isa = PBXBuildFile; fileRef = 8405FD4D22A0407800BE3753 /* TextFieldTableViewCell.xib */; };
		84F9295222A1C63E00211AE5 /* RegisterModel.swift in Sources */ = {isa = PBXBuildFile; fileRef = 84F9295122A1C63E00211AE5 /* RegisterModel.swift */; };
		84F9295422A1C69C00211AE5 /* Sex.swift in Sources */ = {isa = PBXBuildFile; fileRef = 84F9295322A1C69C00211AE5 /* Sex.swift */; };
		84F9295622A2CAA300211AE5 /* Extension+UIViewController.swift in Sources */ = {isa = PBXBuildFile; fileRef = 84F9295522A2CAA300211AE5 /* Extension+UIViewController.swift */; };
		84F9295922A52EDB00211AE5 /* AuthManager.swift in Sources */ = {isa = PBXBuildFile; fileRef = 84F9295822A52EDB00211AE5 /* AuthManager.swift */; };
		84F9295C22A5D6AF00211AE5 /* Utilites.swift in Sources */ = {isa = PBXBuildFile; fileRef = 84F9295B22A5D6AF00211AE5 /* Utilites.swift */; };
		84F9295E22A6681F00211AE5 /* CustomError.swift in Sources */ = {isa = PBXBuildFile; fileRef = 84F9295D22A6681F00211AE5 /* CustomError.swift */; };
		84F9296022A6751D00211AE5 /* Validator.swift in Sources */ = {isa = PBXBuildFile; fileRef = 84F9295F22A6751D00211AE5 /* Validator.swift */; };
		84F9296222A67A6800211AE5 /* StorageManager.swift in Sources */ = {isa = PBXBuildFile; fileRef = 84F9296122A67A6800211AE5 /* StorageManager.swift */; };
		84F9296422A6ADDD00211AE5 /* AuthResult.swift in Sources */ = {isa = PBXBuildFile; fileRef = 84F9296322A6ADDD00211AE5 /* AuthResult.swift */; };
		84F9296822A6B1F500211AE5 /* LoginViewController.swift in Sources */ = {isa = PBXBuildFile; fileRef = 84F9296622A6B1F500211AE5 /* LoginViewController.swift */; };
		84F9296922A6B1F500211AE5 /* LoginViewController.xib in Resources */ = {isa = PBXBuildFile; fileRef = 84F9296722A6B1F500211AE5 /* LoginViewController.xib */; };
		84F9296C22A7159C00211AE5 /* TextField.swift in Sources */ = {isa = PBXBuildFile; fileRef = 84F9296B22A7159C00211AE5 /* TextField.swift */; };
		84F9297022A72DB400211AE5 /* FeedViewController.swift in Sources */ = {isa = PBXBuildFile; fileRef = 84F9296E22A72DB400211AE5 /* FeedViewController.swift */; };
		84F9297122A72DB400211AE5 /* FeedViewController.xib in Resources */ = {isa = PBXBuildFile; fileRef = 84F9296F22A72DB400211AE5 /* FeedViewController.xib */; };
		84F9297422A72ED000211AE5 /* UserHeaderView.xib in Resources */ = {isa = PBXBuildFile; fileRef = 84F9297322A72ED000211AE5 /* UserHeaderView.xib */; };
		84F9297622A7300400211AE5 /* UserHeaderView.swift in Sources */ = {isa = PBXBuildFile; fileRef = 84F9297522A7300400211AE5 /* UserHeaderView.swift */; };
/* End PBXBuildFile section */

/* Begin PBXContainerItemProxy section */
		8405FCE4229B259D00BE3753 /* PBXContainerItemProxy */ = {
			isa = PBXContainerItemProxy;
			containerPortal = 8405FCC7229B259C00BE3753 /* Project object */;
			proxyType = 1;
			remoteGlobalIDString = 8405FCCE229B259C00BE3753;
			remoteInfo = RBVK;
		};
/* End PBXContainerItemProxy section */

/* Begin PBXFileReference section */
		6DC01F7BD841FAA61EA5C59B /* Pods-RBVK.debug.xcconfig */ = {isa = PBXFileReference; includeInIndex = 1; lastKnownFileType = text.xcconfig; name = "Pods-RBVK.debug.xcconfig"; path = "Target Support Files/Pods-RBVK/Pods-RBVK.debug.xcconfig"; sourceTree = "<group>"; };
		8405FCCF229B259C00BE3753 /* RBVK.app */ = {isa = PBXFileReference; explicitFileType = wrapper.application; includeInIndex = 0; path = RBVK.app; sourceTree = BUILT_PRODUCTS_DIR; };
		8405FCD2229B259C00BE3753 /* AppDelegate.swift */ = {isa = PBXFileReference; lastKnownFileType = sourcecode.swift; path = AppDelegate.swift; sourceTree = "<group>"; };
		8405FCD4229B259C00BE3753 /* ViewController.swift */ = {isa = PBXFileReference; lastKnownFileType = sourcecode.swift; path = ViewController.swift; sourceTree = "<group>"; };
		8405FCD9229B259D00BE3753 /* Assets.xcassets */ = {isa = PBXFileReference; lastKnownFileType = folder.assetcatalog; path = Assets.xcassets; sourceTree = "<group>"; };
		8405FCDC229B259D00BE3753 /* Base */ = {isa = PBXFileReference; lastKnownFileType = file.storyboard; name = Base; path = Base.lproj/LaunchScreen.storyboard; sourceTree = "<group>"; };
		8405FCDE229B259D00BE3753 /* Info.plist */ = {isa = PBXFileReference; lastKnownFileType = text.plist.xml; path = Info.plist; sourceTree = "<group>"; };
		8405FCE3229B259D00BE3753 /* RBVKTests.xctest */ = {isa = PBXFileReference; explicitFileType = wrapper.cfbundle; includeInIndex = 0; path = RBVKTests.xctest; sourceTree = BUILT_PRODUCTS_DIR; };
		8405FCE7229B259D00BE3753 /* RBVKTests.swift */ = {isa = PBXFileReference; lastKnownFileType = sourcecode.swift; path = RBVKTests.swift; sourceTree = "<group>"; };
		8405FCE9229B259D00BE3753 /* Info.plist */ = {isa = PBXFileReference; lastKnownFileType = text.plist.xml; path = Info.plist; sourceTree = "<group>"; };
		8405FCF2229B28A900BE3753 /* ViewController.xib */ = {isa = PBXFileReference; lastKnownFileType = file.xib; path = ViewController.xib; sourceTree = "<group>"; };
		8405FCF9229B2CDC00BE3753 /* Router.swift */ = {isa = PBXFileReference; lastKnownFileType = sourcecode.swift; path = Router.swift; sourceTree = "<group>"; };
		8405FCFB229BA89200BE3753 /* StartRouter.swift */ = {isa = PBXFileReference; lastKnownFileType = sourcecode.swift; path = StartRouter.swift; sourceTree = "<group>"; };
		8405FCFE229BA98B00BE3753 /* RegisterViewController.swift */ = {isa = PBXFileReference; lastKnownFileType = sourcecode.swift; path = RegisterViewController.swift; sourceTree = "<group>"; };
		8405FCFF229BA98B00BE3753 /* RegisterViewController.xib */ = {isa = PBXFileReference; lastKnownFileType = file.xib; path = RegisterViewController.xib; sourceTree = "<group>"; };
		8405FD04229BAB1700BE3753 /* PhotoView.swift */ = {isa = PBXFileReference; lastKnownFileType = sourcecode.swift; path = PhotoView.swift; sourceTree = "<group>"; };
		8405FD09229BAB8D00BE3753 /* NibLoadable.swift */ = {isa = PBXFileReference; lastKnownFileType = sourcecode.swift; path = NibLoadable.swift; sourceTree = "<group>"; };
		8405FD0C229BBF1E00BE3753 /* Extension+UIView.swift */ = {isa = PBXFileReference; lastKnownFileType = sourcecode.swift; path = "Extension+UIView.swift"; sourceTree = "<group>"; };
		8405FD0E229BC22E00BE3753 /* Extension+NSLayoutConstraint.swift */ = {isa = PBXFileReference; lastKnownFileType = sourcecode.swift; path = "Extension+NSLayoutConstraint.swift"; sourceTree = "<group>"; };
		8405FD13229BCA3400BE3753 /* InfoUserTableViewCell.swift */ = {isa = PBXFileReference; lastKnownFileType = sourcecode.swift; path = InfoUserTableViewCell.swift; sourceTree = "<group>"; };
		8405FD14229BCA3400BE3753 /* InfoUserTableViewCell.xib */ = {isa = PBXFileReference; lastKnownFileType = file.xib; path = InfoUserTableViewCell.xib; sourceTree = "<group>"; };
		8405FD1A229BDD8300BE3753 /* HeightContainable.swift */ = {isa = PBXFileReference; lastKnownFileType = sourcecode.swift; path = HeightContainable.swift; sourceTree = "<group>"; };
		8405FD1C229BDDDF00BE3753 /* Typealias.swift */ = {isa = PBXFileReference; lastKnownFileType = sourcecode.swift; path = Typealias.swift; sourceTree = "<group>"; };
		8405FD2E229C5C1600BE3753 /* HeaderTitleView.swift */ = {isa = PBXFileReference; lastKnownFileType = sourcecode.swift; path = HeaderTitleView.swift; sourceTree = "<group>"; };
		8405FD30229C5C3100BE3753 /* HeaderTitleView.xib */ = {isa = PBXFileReference; lastKnownFileType = file.xib; path = HeaderTitleView.xib; sourceTree = "<group>"; };
		8405FD32229C6A6400BE3753 /* CellHeaderProtocol.swift */ = {isa = PBXFileReference; lastKnownFileType = sourcecode.swift; path = CellHeaderProtocol.swift; sourceTree = "<group>"; };
		8405FD34229C6ADA00BE3753 /* GoogleService-Info.plist */ = {isa = PBXFileReference; fileEncoding = 4; lastKnownFileType = text.plist.xml; path = "GoogleService-Info.plist"; sourceTree = SOURCE_ROOT; };
		8405FD38229C786100BE3753 /* SegmenterTableViewCell.swift */ = {isa = PBXFileReference; lastKnownFileType = sourcecode.swift; path = SegmenterTableViewCell.swift; sourceTree = "<group>"; };
		8405FD39229C786100BE3753 /* SegmenterTableViewCell.xib */ = {isa = PBXFileReference; lastKnownFileType = file.xib; path = SegmenterTableViewCell.xib; sourceTree = "<group>"; };
		8405FD4222A0341C00BE3753 /* TextTableViewCell.swift */ = {isa = PBXFileReference; lastKnownFileType = sourcecode.swift; path = TextTableViewCell.swift; sourceTree = "<group>"; };
		8405FD4322A0341C00BE3753 /* TextTableViewCell.xib */ = {isa = PBXFileReference; lastKnownFileType = file.xib; path = TextTableViewCell.xib; sourceTree = "<group>"; };
		8405FD4C22A0407800BE3753 /* TextFieldTableViewCell.swift */ = {isa = PBXFileReference; lastKnownFileType = sourcecode.swift; path = TextFieldTableViewCell.swift; sourceTree = "<group>"; };
		8405FD4D22A0407800BE3753 /* TextFieldTableViewCell.xib */ = {isa = PBXFileReference; lastKnownFileType = file.xib; path = TextFieldTableViewCell.xib; sourceTree = "<group>"; };
		84F9295122A1C63E00211AE5 /* RegisterModel.swift */ = {isa = PBXFileReference; lastKnownFileType = sourcecode.swift; path = RegisterModel.swift; sourceTree = "<group>"; };
		84F9295322A1C69C00211AE5 /* Sex.swift */ = {isa = PBXFileReference; lastKnownFileType = sourcecode.swift; path = Sex.swift; sourceTree = "<group>"; };
		84F9295522A2CAA300211AE5 /* Extension+UIViewController.swift */ = {isa = PBXFileReference; lastKnownFileType = sourcecode.swift; path = "Extension+UIViewController.swift"; sourceTree = "<group>"; };
		84F9295822A52EDB00211AE5 /* AuthManager.swift */ = {isa = PBXFileReference; lastKnownFileType = sourcecode.swift; path = AuthManager.swift; sourceTree = "<group>"; };
		84F9295B22A5D6AF00211AE5 /* Utilites.swift */ = {isa = PBXFileReference; lastKnownFileType = sourcecode.swift; path = Utilites.swift; sourceTree = "<group>"; };
		84F9295D22A6681F00211AE5 /* CustomError.swift */ = {isa = PBXFileReference; lastKnownFileType = sourcecode.swift; path = CustomError.swift; sourceTree = "<group>"; };
		84F9295F22A6751D00211AE5 /* Validator.swift */ = {isa = PBXFileReference; lastKnownFileType = sourcecode.swift; path = Validator.swift; sourceTree = "<group>"; };
		84F9296122A67A6800211AE5 /* StorageManager.swift */ = {isa = PBXFileReference; lastKnownFileType = sourcecode.swift; path = StorageManager.swift; sourceTree = "<group>"; };
		84F9296322A6ADDD00211AE5 /* AuthResult.swift */ = {isa = PBXFileReference; lastKnownFileType = sourcecode.swift; path = AuthResult.swift; sourceTree = "<group>"; };
		84F9296622A6B1F500211AE5 /* LoginViewController.swift */ = {isa = PBXFileReference; lastKnownFileType = sourcecode.swift; path = LoginViewController.swift; sourceTree = "<group>"; };
		84F9296722A6B1F500211AE5 /* LoginViewController.xib */ = {isa = PBXFileReference; lastKnownFileType = file.xib; path = LoginViewController.xib; sourceTree = "<group>"; };
		84F9296B22A7159C00211AE5 /* TextField.swift */ = {isa = PBXFileReference; lastKnownFileType = sourcecode.swift; path = TextField.swift; sourceTree = "<group>"; };
		84F9296E22A72DB400211AE5 /* FeedViewController.swift */ = {isa = PBXFileReference; lastKnownFileType = sourcecode.swift; path = FeedViewController.swift; sourceTree = "<group>"; };
		84F9296F22A72DB400211AE5 /* FeedViewController.xib */ = {isa = PBXFileReference; lastKnownFileType = file.xib; path = FeedViewController.xib; sourceTree = "<group>"; };
		84F9297322A72ED000211AE5 /* UserHeaderView.xib */ = {isa = PBXFileReference; lastKnownFileType = file.xib; path = UserHeaderView.xib; sourceTree = "<group>"; };
		84F9297522A7300400211AE5 /* UserHeaderView.swift */ = {isa = PBXFileReference; lastKnownFileType = sourcecode.swift; path = UserHeaderView.swift; sourceTree = "<group>"; };
		8F0BA56E8742F91956BB9AD6 /* Pods-RBVK.release.xcconfig */ = {isa = PBXFileReference; includeInIndex = 1; lastKnownFileType = text.xcconfig; name = "Pods-RBVK.release.xcconfig"; path = "Target Support Files/Pods-RBVK/Pods-RBVK.release.xcconfig"; sourceTree = "<group>"; };
		E372ED504192035003AC9A06 /* Pods_RBVK.framework */ = {isa = PBXFileReference; explicitFileType = wrapper.framework; includeInIndex = 0; path = Pods_RBVK.framework; sourceTree = BUILT_PRODUCTS_DIR; };
/* End PBXFileReference section */

/* Begin PBXFrameworksBuildPhase section */
		8405FCCC229B259C00BE3753 /* Frameworks */ = {
			isa = PBXFrameworksBuildPhase;
			buildActionMask = 2147483647;
			files = (
				376B70B0D2E631DDABF2AAFE /* Pods_RBVK.framework in Frameworks */,
			);
			runOnlyForDeploymentPostprocessing = 0;
		};
		8405FCE0229B259D00BE3753 /* Frameworks */ = {
			isa = PBXFrameworksBuildPhase;
			buildActionMask = 2147483647;
			files = (
			);
			runOnlyForDeploymentPostprocessing = 0;
		};
/* End PBXFrameworksBuildPhase section */

/* Begin PBXGroup section */
		7C0F852B6B871BF91168C891 /* Frameworks */ = {
			isa = PBXGroup;
			children = (
				E372ED504192035003AC9A06 /* Pods_RBVK.framework */,
			);
			name = Frameworks;
			sourceTree = "<group>";
		};
		8405FCC6229B259C00BE3753 = {
			isa = PBXGroup;
			children = (
				8405FCD1229B259C00BE3753 /* RBVK */,
				8405FCE6229B259D00BE3753 /* RBVKTests */,
				8405FCD0229B259C00BE3753 /* Products */,
				DA92D07E250F643EE90E3B5C /* Pods */,
				7C0F852B6B871BF91168C891 /* Frameworks */,
			);
			sourceTree = "<group>";
		};
		8405FCD0229B259C00BE3753 /* Products */ = {
			isa = PBXGroup;
			children = (
				8405FCCF229B259C00BE3753 /* RBVK.app */,
				8405FCE3229B259D00BE3753 /* RBVKTests.xctest */,
			);
			name = Products;
			sourceTree = "<group>";
		};
		8405FCD1229B259C00BE3753 /* RBVK */ = {
			isa = PBXGroup;
			children = (
				8405FCDE229B259D00BE3753 /* Info.plist */,
				8405FD34229C6ADA00BE3753 /* GoogleService-Info.plist */,
				8405FCF4229B2C2B00BE3753 /* Classes */,
				8405FCF5229B2C4F00BE3753 /* Resourses */,
			);
			path = RBVK;
			sourceTree = "<group>";
		};
		8405FCE6229B259D00BE3753 /* RBVKTests */ = {
			isa = PBXGroup;
			children = (
				8405FCE7229B259D00BE3753 /* RBVKTests.swift */,
				8405FCE9229B259D00BE3753 /* Info.plist */,
			);
			path = RBVKTests;
			sourceTree = "<group>";
		};
		8405FCF4229B2C2B00BE3753 /* Classes */ = {
			isa = PBXGroup;
			children = (
				8405FCD2229B259C00BE3753 /* AppDelegate.swift */,
				84F9295A22A5D68C00211AE5 /* Help files */,
				84F9295722A52DE800211AE5 /* Manager */,
				84F9295022A1C61100211AE5 /* Models */,
				8405FD0B229BBEE900BE3753 /* Extension */,
				8405FCF8229B2CB900BE3753 /* Routers  */,
				8405FCF7229B2C9600BE3753 /* Screens */,
				8405FD02229BAA4B00BE3753 /* Custom Views */,
				8405FD08229BAB5100BE3753 /* Protocols */,
			);
			path = Classes;
			sourceTree = "<group>";
		};
		8405FCF5229B2C4F00BE3753 /* Resourses */ = {
			isa = PBXGroup;
			children = (
				8405FCD9229B259D00BE3753 /* Assets.xcassets */,
				8405FCDB229B259D00BE3753 /* LaunchScreen.storyboard */,
			);
			path = Resourses;
			sourceTree = "<group>";
		};
		8405FCF6229B2C7A00BE3753 /* Start */ = {
			isa = PBXGroup;
			children = (
				8405FCD4229B259C00BE3753 /* ViewController.swift */,
				8405FCF2229B28A900BE3753 /* ViewController.xib */,
			);
			path = Start;
			sourceTree = "<group>";
		};
		8405FCF7229B2C9600BE3753 /* Screens */ = {
			isa = PBXGroup;
			children = (
				84F9296D22A72D9900211AE5 /* Feed */,
				84F9296522A6B19F00211AE5 /* Login */,
				8405FCFD229BA96000BE3753 /* Register */,
				8405FCF6229B2C7A00BE3753 /* Start */,
			);
			path = Screens;
			sourceTree = "<group>";
		};
		8405FCF8229B2CB900BE3753 /* Routers  */ = {
			isa = PBXGroup;
			children = (
				8405FCF9229B2CDC00BE3753 /* Router.swift */,
				8405FCFB229BA89200BE3753 /* StartRouter.swift */,
			);
			path = "Routers ";
			sourceTree = "<group>";
		};
		8405FCFD229BA96000BE3753 /* Register */ = {
			isa = PBXGroup;
			children = (
				8405FCFE229BA98B00BE3753 /* RegisterViewController.swift */,
				8405FCFF229BA98B00BE3753 /* RegisterViewController.xib */,
			);
			path = Register;
			sourceTree = "<group>";
		};
		8405FD02229BAA4B00BE3753 /* Custom Views */ = {
			isa = PBXGroup;
			children = (
				84F9297222A72EAE00211AE5 /* User Header */,
				84F9296A22A7153F00211AE5 /* Text Fields */,
				8405FD23229C443C00BE3753 /* Header Title View */,
				8405FD10229BC9FB00BE3753 /* Cell */,
				8405FD03229BAADC00BE3753 /* Photo View */,
			);
			path = "Custom Views";
			sourceTree = "<group>";
		};
		8405FD03229BAADC00BE3753 /* Photo View */ = {
			isa = PBXGroup;
			children = (
				8405FD04229BAB1700BE3753 /* PhotoView.swift */,
			);
			path = "Photo View";
			sourceTree = "<group>";
		};
		8405FD08229BAB5100BE3753 /* Protocols */ = {
			isa = PBXGroup;
			children = (
				8405FD09229BAB8D00BE3753 /* NibLoadable.swift */,
				8405FD1A229BDD8300BE3753 /* HeightContainable.swift */,
				8405FD1C229BDDDF00BE3753 /* Typealias.swift */,
				8405FD32229C6A6400BE3753 /* CellHeaderProtocol.swift */,
			);
			path = Protocols;
			sourceTree = "<group>";
		};
		8405FD0B229BBEE900BE3753 /* Extension */ = {
			isa = PBXGroup;
			children = (
				8405FD0C229BBF1E00BE3753 /* Extension+UIView.swift */,
				8405FD0E229BC22E00BE3753 /* Extension+NSLayoutConstraint.swift */,
				84F9295522A2CAA300211AE5 /* Extension+UIViewController.swift */,
			);
			path = Extension;
			sourceTree = "<group>";
		};
		8405FD10229BC9FB00BE3753 /* Cell */ = {
			isa = PBXGroup;
			children = (
				8405FD36229C774100BE3753 /* Info User Cell */,
				8405FD4B22A0404600BE3753 /* Text Field Cell */,
				8405FD37229C781F00BE3753 /* Segmenter Cell */,
				8405FD4A22A03FF900BE3753 /* Text Cell */,
			);
			path = Cell;
			sourceTree = "<group>";
		};
		8405FD23229C443C00BE3753 /* Header Title View */ = {
			isa = PBXGroup;
			children = (
				8405FD2E229C5C1600BE3753 /* HeaderTitleView.swift */,
				8405FD30229C5C3100BE3753 /* HeaderTitleView.xib */,
			);
			path = "Header Title View";
			sourceTree = "<group>";
		};
		8405FD36229C774100BE3753 /* Info User Cell */ = {
			isa = PBXGroup;
			children = (
				8405FD13229BCA3400BE3753 /* InfoUserTableViewCell.swift */,
				8405FD14229BCA3400BE3753 /* InfoUserTableViewCell.xib */,
			);
			path = "Info User Cell";
			sourceTree = "<group>";
		};
		8405FD37229C781F00BE3753 /* Segmenter Cell */ = {
			isa = PBXGroup;
			children = (
				8405FD38229C786100BE3753 /* SegmenterTableViewCell.swift */,
				8405FD39229C786100BE3753 /* SegmenterTableViewCell.xib */,
			);
			path = "Segmenter Cell";
			sourceTree = "<group>";
		};
		8405FD4A22A03FF900BE3753 /* Text Cell */ = {
			isa = PBXGroup;
			children = (
				8405FD4222A0341C00BE3753 /* TextTableViewCell.swift */,
				8405FD4322A0341C00BE3753 /* TextTableViewCell.xib */,
			);
			path = "Text Cell";
			sourceTree = "<group>";
		};
		8405FD4B22A0404600BE3753 /* Text Field Cell */ = {
			isa = PBXGroup;
			children = (
				8405FD4C22A0407800BE3753 /* TextFieldTableViewCell.swift */,
				8405FD4D22A0407800BE3753 /* TextFieldTableViewCell.xib */,
			);
			path = "Text Field Cell";
			sourceTree = "<group>";
		};
		84F9295022A1C61100211AE5 /* Models */ = {
			isa = PBXGroup;
			children = (
				84F9295122A1C63E00211AE5 /* RegisterModel.swift */,
				84F9295322A1C69C00211AE5 /* Sex.swift */,
				84F9295D22A6681F00211AE5 /* CustomError.swift */,
				84F9296322A6ADDD00211AE5 /* AuthResult.swift */,
			);
			path = Models;
			sourceTree = "<group>";
		};
		84F9295722A52DE800211AE5 /* Manager */ = {
			isa = PBXGroup;
			children = (
				84F9295822A52EDB00211AE5 /* AuthManager.swift */,
				84F9296122A67A6800211AE5 /* StorageManager.swift */,
			);
			path = Manager;
			sourceTree = "<group>";
		};
		84F9295A22A5D68C00211AE5 /* Help files */ = {
			isa = PBXGroup;
			children = (
				84F9295B22A5D6AF00211AE5 /* Utilites.swift */,
				84F9295F22A6751D00211AE5 /* Validator.swift */,
			);
			path = "Help files";
			sourceTree = "<group>";
		};
		84F9296522A6B19F00211AE5 /* Login */ = {
			isa = PBXGroup;
			children = (
				84F9296622A6B1F500211AE5 /* LoginViewController.swift */,
				84F9296722A6B1F500211AE5 /* LoginViewController.xib */,
			);
			path = Login;
			sourceTree = "<group>";
		};
		84F9296A22A7153F00211AE5 /* Text Fields */ = {
			isa = PBXGroup;
			children = (
				84F9296B22A7159C00211AE5 /* TextField.swift */,
			);
			path = "Text Fields";
			sourceTree = "<group>";
		};
		84F9296D22A72D9900211AE5 /* Feed */ = {
			isa = PBXGroup;
			children = (
				84F9296E22A72DB400211AE5 /* FeedViewController.swift */,
				84F9296F22A72DB400211AE5 /* FeedViewController.xib */,
			);
			path = Feed;
			sourceTree = "<group>";
		};
		84F9297222A72EAE00211AE5 /* User Header */ = {
			isa = PBXGroup;
			children = (
				84F9297322A72ED000211AE5 /* UserHeaderView.xib */,
				84F9297522A7300400211AE5 /* UserHeaderView.swift */,
			);
			path = "User Header";
			sourceTree = "<group>";
		};
		DA92D07E250F643EE90E3B5C /* Pods */ = {
			isa = PBXGroup;
			children = (
				6DC01F7BD841FAA61EA5C59B /* Pods-RBVK.debug.xcconfig */,
				8F0BA56E8742F91956BB9AD6 /* Pods-RBVK.release.xcconfig */,
			);
			path = Pods;
			sourceTree = "<group>";
		};
/* End PBXGroup section */

/* Begin PBXNativeTarget section */
		8405FCCE229B259C00BE3753 /* RBVK */ = {
			isa = PBXNativeTarget;
			buildConfigurationList = 8405FCEC229B259D00BE3753 /* Build configuration list for PBXNativeTarget "RBVK" */;
			buildPhases = (
				AE20A4E2B13664C8E11CDAF2 /* [CP] Check Pods Manifest.lock */,
				8405FCCB229B259C00BE3753 /* Sources */,
				8405FCCC229B259C00BE3753 /* Frameworks */,
				8405FCCD229B259C00BE3753 /* Resources */,
				F5C0E99F70B4AB4CFEBE428B /* [CP] Embed Pods Frameworks */,
			);
			buildRules = (
			);
			dependencies = (
			);
			name = RBVK;
			productName = RBVK;
			productReference = 8405FCCF229B259C00BE3753 /* RBVK.app */;
			productType = "com.apple.product-type.application";
		};
		8405FCE2229B259D00BE3753 /* RBVKTests */ = {
			isa = PBXNativeTarget;
			buildConfigurationList = 8405FCEF229B259D00BE3753 /* Build configuration list for PBXNativeTarget "RBVKTests" */;
			buildPhases = (
				8405FCDF229B259D00BE3753 /* Sources */,
				8405FCE0229B259D00BE3753 /* Frameworks */,
				8405FCE1229B259D00BE3753 /* Resources */,
			);
			buildRules = (
			);
			dependencies = (
				8405FCE5229B259D00BE3753 /* PBXTargetDependency */,
			);
			name = RBVKTests;
			productName = RBVKTests;
			productReference = 8405FCE3229B259D00BE3753 /* RBVKTests.xctest */;
			productType = "com.apple.product-type.bundle.unit-test";
		};
/* End PBXNativeTarget section */

/* Begin PBXProject section */
		8405FCC7229B259C00BE3753 /* Project object */ = {
			isa = PBXProject;
			attributes = {
				LastSwiftUpdateCheck = 1020;
				LastUpgradeCheck = 1020;
				ORGANIZATIONNAME = "Bogatchuk Roman";
				TargetAttributes = {
					8405FCCE229B259C00BE3753 = {
						CreatedOnToolsVersion = 10.2.1;
					};
					8405FCE2229B259D00BE3753 = {
						CreatedOnToolsVersion = 10.2.1;
						TestTargetID = 8405FCCE229B259C00BE3753;
					};
				};
			};
			buildConfigurationList = 8405FCCA229B259C00BE3753 /* Build configuration list for PBXProject "RBVK" */;
			compatibilityVersion = "Xcode 9.3";
			developmentRegion = en;
			hasScannedForEncodings = 0;
			knownRegions = (
				en,
				Base,
			);
			mainGroup = 8405FCC6229B259C00BE3753;
			productRefGroup = 8405FCD0229B259C00BE3753 /* Products */;
			projectDirPath = "";
			projectRoot = "";
			targets = (
				8405FCCE229B259C00BE3753 /* RBVK */,
				8405FCE2229B259D00BE3753 /* RBVKTests */,
			);
		};
/* End PBXProject section */

/* Begin PBXResourcesBuildPhase section */
		8405FCCD229B259C00BE3753 /* Resources */ = {
			isa = PBXResourcesBuildPhase;
			buildActionMask = 2147483647;
			files = (
				8405FD3B229C786100BE3753 /* SegmenterTableViewCell.xib in Resources */,
				8405FD16229BCA3400BE3753 /* InfoUserTableViewCell.xib in Resources */,
				84F9296922A6B1F500211AE5 /* LoginViewController.xib in Resources */,
				8405FD31229C5C3100BE3753 /* HeaderTitleView.xib in Resources */,
				84F9297422A72ED000211AE5 /* UserHeaderView.xib in Resources */,
				8405FCDD229B259D00BE3753 /* LaunchScreen.storyboard in Resources */,
				8405FCF3229B28A900BE3753 /* ViewController.xib in Resources */,
				8405FCDA229B259D00BE3753 /* Assets.xcassets in Resources */,
				8405FD01229BA98B00BE3753 /* RegisterViewController.xib in Resources */,
				8405FD4F22A0407800BE3753 /* TextFieldTableViewCell.xib in Resources */,
				8405FD35229C6ADB00BE3753 /* GoogleService-Info.plist in Resources */,
				84F9297122A72DB400211AE5 /* FeedViewController.xib in Resources */,
				8405FD4522A0341C00BE3753 /* TextTableViewCell.xib in Resources */,
			);
			runOnlyForDeploymentPostprocessing = 0;
		};
		8405FCE1229B259D00BE3753 /* Resources */ = {
			isa = PBXResourcesBuildPhase;
			buildActionMask = 2147483647;
			files = (
			);
			runOnlyForDeploymentPostprocessing = 0;
		};
/* End PBXResourcesBuildPhase section */

/* Begin PBXShellScriptBuildPhase section */
		AE20A4E2B13664C8E11CDAF2 /* [CP] Check Pods Manifest.lock */ = {
			isa = PBXShellScriptBuildPhase;
			buildActionMask = 2147483647;
			files = (
			);
			inputFileListPaths = (
			);
			inputPaths = (
				"${PODS_PODFILE_DIR_PATH}/Podfile.lock",
				"${PODS_ROOT}/Manifest.lock",
			);
			name = "[CP] Check Pods Manifest.lock";
			outputFileListPaths = (
			);
			outputPaths = (
				"$(DERIVED_FILE_DIR)/Pods-RBVK-checkManifestLockResult.txt",
			);
			runOnlyForDeploymentPostprocessing = 0;
			shellPath = /bin/sh;
			shellScript = "diff \"${PODS_PODFILE_DIR_PATH}/Podfile.lock\" \"${PODS_ROOT}/Manifest.lock\" > /dev/null\nif [ $? != 0 ] ; then\n    # print error to STDERR\n    echo \"error: The sandbox is not in sync with the Podfile.lock. Run 'pod install' or update your CocoaPods installation.\" >&2\n    exit 1\nfi\n# This output is used by Xcode 'outputs' to avoid re-running this script phase.\necho \"SUCCESS\" > \"${SCRIPT_OUTPUT_FILE_0}\"\n";
			showEnvVarsInLog = 0;
		};
		F5C0E99F70B4AB4CFEBE428B /* [CP] Embed Pods Frameworks */ = {
			isa = PBXShellScriptBuildPhase;
			buildActionMask = 2147483647;
			files = (
			);
			inputFileListPaths = (
			);
			inputPaths = (
				"${PODS_ROOT}/Target Support Files/Pods-RBVK/Pods-RBVK-frameworks.sh",
				"${BUILT_PRODUCTS_DIR}/ARSLineProgress/ARSLineProgress.framework",
				"${BUILT_PRODUCTS_DIR}/GTMSessionFetcher/GTMSessionFetcher.framework",
				"${BUILT_PRODUCTS_DIR}/GoogleUtilities/GoogleUtilities.framework",
				"${BUILT_PRODUCTS_DIR}/leveldb-library/leveldb.framework",
				"${BUILT_PRODUCTS_DIR}/nanopb/nanopb.framework",
			);
			name = "[CP] Embed Pods Frameworks";
			outputFileListPaths = (
			);
			outputPaths = (
				"${TARGET_BUILD_DIR}/${FRAMEWORKS_FOLDER_PATH}/ARSLineProgress.framework",
				"${TARGET_BUILD_DIR}/${FRAMEWORKS_FOLDER_PATH}/GTMSessionFetcher.framework",
				"${TARGET_BUILD_DIR}/${FRAMEWORKS_FOLDER_PATH}/GoogleUtilities.framework",
				"${TARGET_BUILD_DIR}/${FRAMEWORKS_FOLDER_PATH}/leveldb.framework",
				"${TARGET_BUILD_DIR}/${FRAMEWORKS_FOLDER_PATH}/nanopb.framework",
			);
			runOnlyForDeploymentPostprocessing = 0;
			shellPath = /bin/sh;
			shellScript = "\"${PODS_ROOT}/Target Support Files/Pods-RBVK/Pods-RBVK-frameworks.sh\"\n";
			showEnvVarsInLog = 0;
		};
/* End PBXShellScriptBuildPhase section */

/* Begin PBXSourcesBuildPhase section */
		8405FCCB229B259C00BE3753 /* Sources */ = {
			isa = PBXSourcesBuildPhase;
			buildActionMask = 2147483647;
			files = (
				84F9296822A6B1F500211AE5 /* LoginViewController.swift in Sources */,
				84F9295E22A6681F00211AE5 /* CustomError.swift in Sources */,
				8405FD4E22A0407800BE3753 /* TextFieldTableViewCell.swift in Sources */,
				84F9296C22A7159C00211AE5 /* TextField.swift in Sources */,
				84F9297622A7300400211AE5 /* UserHeaderView.swift in Sources */,
				84F9296222A67A6800211AE5 /* StorageManager.swift in Sources */,
				84F9295922A52EDB00211AE5 /* AuthManager.swift in Sources */,
				8405FD33229C6A6400BE3753 /* CellHeaderProtocol.swift in Sources */,
				8405FCD5229B259C00BE3753 /* ViewController.swift in Sources */,
				84F9295C22A5D6AF00211AE5 /* Utilites.swift in Sources */,
				8405FD00229BA98B00BE3753 /* RegisterViewController.swift in Sources */,
				8405FD0D229BBF1E00BE3753 /* Extension+UIView.swift in Sources */,
				8405FD0A229BAB8D00BE3753 /* NibLoadable.swift in Sources */,
				8405FD15229BCA3400BE3753 /* InfoUserTableViewCell.swift in Sources */,
				8405FCFA229B2CDC00BE3753 /* Router.swift in Sources */,
				84F9295622A2CAA300211AE5 /* Extension+UIViewController.swift in Sources */,
				84F9295222A1C63E00211AE5 /* RegisterModel.swift in Sources */,
				8405FD2F229C5C1600BE3753 /* HeaderTitleView.swift in Sources */,
				8405FD1B229BDD8300BE3753 /* HeightContainable.swift in Sources */,
				84F9297022A72DB400211AE5 /* FeedViewController.swift in Sources */,
				8405FD05229BAB1700BE3753 /* PhotoView.swift in Sources */,
				84F9296022A6751D00211AE5 /* Validator.swift in Sources */,
				84F9296422A6ADDD00211AE5 /* AuthResult.swift in Sources */,
				8405FD4422A0341C00BE3753 /* TextTableViewCell.swift in Sources */,
				8405FD3A229C786100BE3753 /* SegmenterTableViewCell.swift in Sources */,
				84F9295422A1C69C00211AE5 /* Sex.swift in Sources */,
				8405FCD3229B259C00BE3753 /* AppDelegate.swift in Sources */,
				8405FCFC229BA89200BE3753 /* StartRouter.swift in Sources */,
				8405FD1D229BDDDF00BE3753 /* Typealias.swift in Sources */,
				8405FD0F229BC22E00BE3753 /* Extension+NSLayoutConstraint.swift in Sources */,
			);
			runOnlyForDeploymentPostprocessing = 0;
		};
		8405FCDF229B259D00BE3753 /* Sources */ = {
			isa = PBXSourcesBuildPhase;
			buildActionMask = 2147483647;
			files = (
				8405FCE8229B259D00BE3753 /* RBVKTests.swift in Sources */,
			);
			runOnlyForDeploymentPostprocessing = 0;
		};
/* End PBXSourcesBuildPhase section */

/* Begin PBXTargetDependency section */
		8405FCE5229B259D00BE3753 /* PBXTargetDependency */ = {
			isa = PBXTargetDependency;
			target = 8405FCCE229B259C00BE3753 /* RBVK */;
			targetProxy = 8405FCE4229B259D00BE3753 /* PBXContainerItemProxy */;
		};
/* End PBXTargetDependency section */

/* Begin PBXVariantGroup section */
		8405FCDB229B259D00BE3753 /* LaunchScreen.storyboard */ = {
			isa = PBXVariantGroup;
			children = (
				8405FCDC229B259D00BE3753 /* Base */,
			);
			name = LaunchScreen.storyboard;
			sourceTree = "<group>";
		};
/* End PBXVariantGroup section */

/* Begin XCBuildConfiguration section */
		8405FCEA229B259D00BE3753 /* Debug */ = {
			isa = XCBuildConfiguration;
			buildSettings = {
				ALWAYS_SEARCH_USER_PATHS = NO;
				CLANG_ANALYZER_NONNULL = YES;
				CLANG_ANALYZER_NUMBER_OBJECT_CONVERSION = YES_AGGRESSIVE;
				CLANG_CXX_LANGUAGE_STANDARD = "gnu++14";
				CLANG_CXX_LIBRARY = "libc++";
				CLANG_ENABLE_MODULES = YES;
				CLANG_ENABLE_OBJC_ARC = YES;
				CLANG_ENABLE_OBJC_WEAK = YES;
				CLANG_WARN_BLOCK_CAPTURE_AUTORELEASING = YES;
				CLANG_WARN_BOOL_CONVERSION = YES;
				CLANG_WARN_COMMA = YES;
				CLANG_WARN_CONSTANT_CONVERSION = YES;
				CLANG_WARN_DEPRECATED_OBJC_IMPLEMENTATIONS = YES;
				CLANG_WARN_DIRECT_OBJC_ISA_USAGE = YES_ERROR;
				CLANG_WARN_DOCUMENTATION_COMMENTS = YES;
				CLANG_WARN_EMPTY_BODY = YES;
				CLANG_WARN_ENUM_CONVERSION = YES;
				CLANG_WARN_INFINITE_RECURSION = YES;
				CLANG_WARN_INT_CONVERSION = YES;
				CLANG_WARN_NON_LITERAL_NULL_CONVERSION = YES;
				CLANG_WARN_OBJC_IMPLICIT_RETAIN_SELF = YES;
				CLANG_WARN_OBJC_LITERAL_CONVERSION = YES;
				CLANG_WARN_OBJC_ROOT_CLASS = YES_ERROR;
				CLANG_WARN_RANGE_LOOP_ANALYSIS = YES;
				CLANG_WARN_STRICT_PROTOTYPES = YES;
				CLANG_WARN_SUSPICIOUS_MOVE = YES;
				CLANG_WARN_UNGUARDED_AVAILABILITY = YES_AGGRESSIVE;
				CLANG_WARN_UNREACHABLE_CODE = YES;
				CLANG_WARN__DUPLICATE_METHOD_MATCH = YES;
				CODE_SIGN_IDENTITY = "iPhone Developer";
				COPY_PHASE_STRIP = NO;
				DEBUG_INFORMATION_FORMAT = dwarf;
				ENABLE_STRICT_OBJC_MSGSEND = YES;
				ENABLE_TESTABILITY = YES;
				GCC_C_LANGUAGE_STANDARD = gnu11;
				GCC_DYNAMIC_NO_PIC = NO;
				GCC_NO_COMMON_BLOCKS = YES;
				GCC_OPTIMIZATION_LEVEL = 0;
				GCC_PREPROCESSOR_DEFINITIONS = (
					"DEBUG=1",
					"$(inherited)",
				);
				GCC_WARN_64_TO_32_BIT_CONVERSION = YES;
				GCC_WARN_ABOUT_RETURN_TYPE = YES_ERROR;
				GCC_WARN_UNDECLARED_SELECTOR = YES;
				GCC_WARN_UNINITIALIZED_AUTOS = YES_AGGRESSIVE;
				GCC_WARN_UNUSED_FUNCTION = YES;
				GCC_WARN_UNUSED_VARIABLE = YES;
				IPHONEOS_DEPLOYMENT_TARGET = 12.2;
				MTL_ENABLE_DEBUG_INFO = INCLUDE_SOURCE;
				MTL_FAST_MATH = YES;
				ONLY_ACTIVE_ARCH = YES;
				SDKROOT = iphoneos;
				SWIFT_ACTIVE_COMPILATION_CONDITIONS = DEBUG;
				SWIFT_OPTIMIZATION_LEVEL = "-Onone";
			};
			name = Debug;
		};
		8405FCEB229B259D00BE3753 /* Release */ = {
			isa = XCBuildConfiguration;
			buildSettings = {
				ALWAYS_SEARCH_USER_PATHS = NO;
				CLANG_ANALYZER_NONNULL = YES;
				CLANG_ANALYZER_NUMBER_OBJECT_CONVERSION = YES_AGGRESSIVE;
				CLANG_CXX_LANGUAGE_STANDARD = "gnu++14";
				CLANG_CXX_LIBRARY = "libc++";
				CLANG_ENABLE_MODULES = YES;
				CLANG_ENABLE_OBJC_ARC = YES;
				CLANG_ENABLE_OBJC_WEAK = YES;
				CLANG_WARN_BLOCK_CAPTURE_AUTORELEASING = YES;
				CLANG_WARN_BOOL_CONVERSION = YES;
				CLANG_WARN_COMMA = YES;
				CLANG_WARN_CONSTANT_CONVERSION = YES;
				CLANG_WARN_DEPRECATED_OBJC_IMPLEMENTATIONS = YES;
				CLANG_WARN_DIRECT_OBJC_ISA_USAGE = YES_ERROR;
				CLANG_WARN_DOCUMENTATION_COMMENTS = YES;
				CLANG_WARN_EMPTY_BODY = YES;
				CLANG_WARN_ENUM_CONVERSION = YES;
				CLANG_WARN_INFINITE_RECURSION = YES;
				CLANG_WARN_INT_CONVERSION = YES;
				CLANG_WARN_NON_LITERAL_NULL_CONVERSION = YES;
				CLANG_WARN_OBJC_IMPLICIT_RETAIN_SELF = YES;
				CLANG_WARN_OBJC_LITERAL_CONVERSION = YES;
				CLANG_WARN_OBJC_ROOT_CLASS = YES_ERROR;
				CLANG_WARN_RANGE_LOOP_ANALYSIS = YES;
				CLANG_WARN_STRICT_PROTOTYPES = YES;
				CLANG_WARN_SUSPICIOUS_MOVE = YES;
				CLANG_WARN_UNGUARDED_AVAILABILITY = YES_AGGRESSIVE;
				CLANG_WARN_UNREACHABLE_CODE = YES;
				CLANG_WARN__DUPLICATE_METHOD_MATCH = YES;
				CODE_SIGN_IDENTITY = "iPhone Developer";
				COPY_PHASE_STRIP = NO;
				DEBUG_INFORMATION_FORMAT = "dwarf-with-dsym";
				ENABLE_NS_ASSERTIONS = NO;
				ENABLE_STRICT_OBJC_MSGSEND = YES;
				GCC_C_LANGUAGE_STANDARD = gnu11;
				GCC_NO_COMMON_BLOCKS = YES;
				GCC_WARN_64_TO_32_BIT_CONVERSION = YES;
				GCC_WARN_ABOUT_RETURN_TYPE = YES_ERROR;
				GCC_WARN_UNDECLARED_SELECTOR = YES;
				GCC_WARN_UNINITIALIZED_AUTOS = YES_AGGRESSIVE;
				GCC_WARN_UNUSED_FUNCTION = YES;
				GCC_WARN_UNUSED_VARIABLE = YES;
				IPHONEOS_DEPLOYMENT_TARGET = 12.2;
				MTL_ENABLE_DEBUG_INFO = NO;
				MTL_FAST_MATH = YES;
				SDKROOT = iphoneos;
				SWIFT_COMPILATION_MODE = wholemodule;
				SWIFT_OPTIMIZATION_LEVEL = "-O";
				VALIDATE_PRODUCT = YES;
			};
			name = Release;
		};
		8405FCED229B259D00BE3753 /* Debug */ = {
			isa = XCBuildConfiguration;
			baseConfigurationReference = 6DC01F7BD841FAA61EA5C59B /* Pods-RBVK.debug.xcconfig */;
			buildSettings = {
				ASSETCATALOG_COMPILER_APPICON_NAME = AppIcon;
				CODE_SIGN_STYLE = Automatic;
				DEVELOPMENT_TEAM = J2GLR26RLC;
				INFOPLIST_FILE = RBVK/Info.plist;
				IPHONEOS_DEPLOYMENT_TARGET = 12.2;
				LD_RUNPATH_SEARCH_PATHS = (
					"$(inherited)",
					"@executable_path/Frameworks",
				);
				PRODUCT_BUNDLE_IDENTIFIER = Bogatchuk.RBVK;
				PRODUCT_NAME = "$(TARGET_NAME)";
				SWIFT_VERSION = 5.0;
				TARGETED_DEVICE_FAMILY = "1,2";
			};
			name = Debug;
		};
		8405FCEE229B259D00BE3753 /* Release */ = {
			isa = XCBuildConfiguration;
			baseConfigurationReference = 8F0BA56E8742F91956BB9AD6 /* Pods-RBVK.release.xcconfig */;
			buildSettings = {
				ASSETCATALOG_COMPILER_APPICON_NAME = AppIcon;
				CODE_SIGN_STYLE = Automatic;
				DEVELOPMENT_TEAM = J2GLR26RLC;
				INFOPLIST_FILE = RBVK/Info.plist;
				IPHONEOS_DEPLOYMENT_TARGET = 12.2;
				LD_RUNPATH_SEARCH_PATHS = (
					"$(inherited)",
					"@executable_path/Frameworks",
				);
				PRODUCT_BUNDLE_IDENTIFIER = Bogatchuk.RBVK;
				PRODUCT_NAME = "$(TARGET_NAME)";
				SWIFT_VERSION = 5.0;
				TARGETED_DEVICE_FAMILY = "1,2";
			};
			name = Release;
		};
		8405FCF0229B259D00BE3753 /* Debug */ = {
			isa = XCBuildConfiguration;
			buildSettings = {
				ALWAYS_EMBED_SWIFT_STANDARD_LIBRARIES = YES;
				BUNDLE_LOADER = "$(TEST_HOST)";
				CODE_SIGN_STYLE = Automatic;
				DEVELOPMENT_TEAM = J2GLR26RLC;
				INFOPLIST_FILE = RBVKTests/Info.plist;
				LD_RUNPATH_SEARCH_PATHS = (
					"$(inherited)",
					"@executable_path/Frameworks",
					"@loader_path/Frameworks",
				);
				PRODUCT_BUNDLE_IDENTIFIER = Bogatchuk.RBVKTests;
				PRODUCT_NAME = "$(TARGET_NAME)";
				SWIFT_VERSION = 5.0;
				TARGETED_DEVICE_FAMILY = "1,2";
				TEST_HOST = "$(BUILT_PRODUCTS_DIR)/RBVK.app/RBVK";
			};
			name = Debug;
		};
		8405FCF1229B259D00BE3753 /* Release */ = {
			isa = XCBuildConfiguration;
			buildSettings = {
				ALWAYS_EMBED_SWIFT_STANDARD_LIBRARIES = YES;
				BUNDLE_LOADER = "$(TEST_HOST)";
				CODE_SIGN_STYLE = Automatic;
				DEVELOPMENT_TEAM = J2GLR26RLC;
				INFOPLIST_FILE = RBVKTests/Info.plist;
				LD_RUNPATH_SEARCH_PATHS = (
					"$(inherited)",
					"@executable_path/Frameworks",
					"@loader_path/Frameworks",
				);
				PRODUCT_BUNDLE_IDENTIFIER = Bogatchuk.RBVKTests;
				PRODUCT_NAME = "$(TARGET_NAME)";
				SWIFT_VERSION = 5.0;
				TARGETED_DEVICE_FAMILY = "1,2";
				TEST_HOST = "$(BUILT_PRODUCTS_DIR)/RBVK.app/RBVK";
			};
			name = Release;
		};
/* End XCBuildConfiguration section */

/* Begin XCConfigurationList section */
		8405FCCA229B259C00BE3753 /* Build configuration list for PBXProject "RBVK" */ = {
			isa = XCConfigurationList;
			buildConfigurations = (
				8405FCEA229B259D00BE3753 /* Debug */,
				8405FCEB229B259D00BE3753 /* Release */,
			);
			defaultConfigurationIsVisible = 0;
			defaultConfigurationName = Release;
		};
		8405FCEC229B259D00BE3753 /* Build configuration list for PBXNativeTarget "RBVK" */ = {
			isa = XCConfigurationList;
			buildConfigurations = (
				8405FCED229B259D00BE3753 /* Debug */,
				8405FCEE229B259D00BE3753 /* Release */,
			);
			defaultConfigurationIsVisible = 0;
			defaultConfigurationName = Release;
		};
		8405FCEF229B259D00BE3753 /* Build configuration list for PBXNativeTarget "RBVKTests" */ = {
			isa = XCConfigurationList;
			buildConfigurations = (
				8405FCF0229B259D00BE3753 /* Debug */,
				8405FCF1229B259D00BE3753 /* Release */,
			);
			defaultConfigurationIsVisible = 0;
			defaultConfigurationName = Release;
		};
/* End XCConfigurationList section */
	};
	rootObject = 8405FCC7229B259C00BE3753 /* Project object */;
}
